github.com/bluele/gcache v0.0.0-20190518031135-bc40bd653833 h1:yCfXxYaelOyqnia8F/Yng47qhmfC9nKTRIbYRrRueq4=
github.com/bluele/gcache v0.0.0-20190518031135-bc40bd653833/go.mod h1:8c4/i2VlovMO2gBnHGQPN5EJw+H0lx1u/5p+cgsXtCk=
golang.org/x/sync v0.0.0-20220923202941-7f9b1623fab7 h1:ZrnxWX62AgTKOSagEqxvb3ffipvEDX2pl7E1TdqLqIc=
golang.org/x/sync v0.0.0-20220923202941-7f9b1623fab7/go.mod h1:RxMgew5VJxzue5/jJTE5uejpjVlOe/izrB70Jof72aM=
